
Microsoft Visual Studio Solution File, Format Version 12.00
# Visual Studio Version 17
VisualStudioVersion = 17.8.34330.188
MinimumVisualStudioVersion = 10.0.40219.1
Project("{FAE04EC0-301F-11D3-BF4B-00C04F79EFBC}") = "ToyWebApp", "ToyWebApp.csproj", "{7277EB13-EF49-48F2-9BB3-FA0F38CCCC08}"
EndProject
Global
	GlobalSection(SolutionConfigurationPlatforms) = preSolution
		Debug|Any CPU = Debug|Any CPU
		Release|Any CPU = Release|Any CPU
	EndGlobalSection
	GlobalSection(ProjectConfigurationPlatforms) = postSolution
		{7277EB13-EF49-48F2-9BB3-FA0F38CCCC08}.Debug|Any CPU.ActiveCfg = Debug|Any CPU
		{7277EB13-EF49-48F2-9BB3-FA0F38CCCC08}.Debug|Any CPU.Build.0 = Debug|Any CPU
		{7277EB13-EF49-48F2-9BB3-FA0F38CCCC08}.Release|Any CPU.ActiveCfg = Release|Any CPU
		{7277EB13-EF49-48F2-9BB3-FA0F38CCCC08}.Release|Any CPU.Build.0 = Release|Any CPU
	EndGlobalSection
	GlobalSection(SolutionProperties) = preSolution
		HideSolutionNode = FALSE
	EndGlobalSection
	GlobalSection(ExtensibilityGlobals) = postSolution
		SolutionGuid = {3E2C4227-631B-4A47-B4BD-23075BA10833}
	EndGlobalSection
EndGlobal
